
Microsoft Visual Studio Solution File, Format Version 12.00
# Visual Studio Version 17
VisualStudioVersion = 17.14.36908.2 d17.14
MinimumVisualStudioVersion = 10.0.40219.1
Project("{FAE04EC0-301F-11D3-BF4B-00C04F79EFBC}") = "Queue_NonGen", "Queue_NonGen.csproj", "{CC1D7096-BE59-4A4B-923B-FD7105E55CE6}"
EndProject
Global
	GlobalSection(SolutionConfigurationPlatforms) = preSolution
		Debug|Any CPU = Debug|Any CPU
		Release|Any CPU = Release|Any CPU
	EndGlobalSection
	GlobalSection(ProjectConfigurationPlatforms) = postSolution
		{CC1D7096-BE59-4A4B-923B-FD7105E55CE6}.Debug|Any CPU.ActiveCfg = Debug|Any CPU
		{CC1D7096-BE59-4A4B-923B-FD7105E55CE6}.Debug|Any CPU.Build.0 = Debug|Any CPU
		{CC1D7096-BE59-4A4B-923B-FD7105E55CE6}.Release|Any CPU.ActiveCfg = Release|Any CPU
		{CC1D7096-BE59-4A4B-923B-FD7105E55CE6}.Release|Any CPU.Build.0 = Release|Any CPU
	EndGlobalSection
	GlobalSection(SolutionProperties) = preSolution
		HideSolutionNode = FALSE
	EndGlobalSection
	GlobalSection(ExtensibilityGlobals) = postSolution
		SolutionGuid = {CF9FE894-C379-46AB-BE43-8A08A4708794}
	EndGlobalSection
EndGlobal
