
Microsoft Visual Studio Solution File, Format Version 12.00
# Visual Studio Version 17
VisualStudioVersion = 17.14.36908.2 d17.14
MinimumVisualStudioVersion = 10.0.40219.1
Project("{FAE04EC0-301F-11D3-BF4B-00C04F79EFBC}") = "SortedList_NonGen", "SortedList_NonGen.csproj", "{A979C8B4-4400-423E-8A81-A4637840B6E0}"
EndProject
Global
	GlobalSection(SolutionConfigurationPlatforms) = preSolution
		Debug|Any CPU = Debug|Any CPU
		Release|Any CPU = Release|Any CPU
	EndGlobalSection
	GlobalSection(ProjectConfigurationPlatforms) = postSolution
		{A979C8B4-4400-423E-8A81-A4637840B6E0}.Debug|Any CPU.ActiveCfg = Debug|Any CPU
		{A979C8B4-4400-423E-8A81-A4637840B6E0}.Debug|Any CPU.Build.0 = Debug|Any CPU
		{A979C8B4-4400-423E-8A81-A4637840B6E0}.Release|Any CPU.ActiveCfg = Release|Any CPU
		{A979C8B4-4400-423E-8A81-A4637840B6E0}.Release|Any CPU.Build.0 = Release|Any CPU
	EndGlobalSection
	GlobalSection(SolutionProperties) = preSolution
		HideSolutionNode = FALSE
	EndGlobalSection
	GlobalSection(ExtensibilityGlobals) = postSolution
		SolutionGuid = {8513DD49-8E82-49AF-BA69-9EE313E10039}
	EndGlobalSection
EndGlobal
